// !$*UTF8*$!
{
	archiveVersion = 1;
	classes = {
	};
	objectVersion = 46;
	objects = {

/* Begin PBXBuildFile section */
		0A994D291B2F5C420062D41D /* AppDelegate.swift in Sources */ = {isa = PBXBuildFile; fileRef = 0A994D281B2F5C420062D41D /* AppDelegate.swift */; };
		0A994D2E1B2F5C420062D41D /* Main.storyboard in Resources */ = {isa = PBXBuildFile; fileRef = 0A994D2C1B2F5C420062D41D /* Main.storyboard */; };
		0A994D301B2F5C420062D41D /* Assets.xcassets in Resources */ = {isa = PBXBuildFile; fileRef = 0A994D2F1B2F5C420062D41D /* Assets.xcassets */; };
		0A994D331B2F5C420062D41D /* LaunchScreen.storyboard in Resources */ = {isa = PBXBuildFile; fileRef = 0A994D311B2F5C420062D41D /* LaunchScreen.storyboard */; };
		0A994D3E1B2F5C430062D41D /* OpenPicsTests.swift in Sources */ = {isa = PBXBuildFile; fileRef = 0A994D3D1B2F5C430062D41D /* OpenPicsTests.swift */; };
		0A994D491B2F5C430062D41D /* OpenPicsUITests.swift in Sources */ = {isa = PBXBuildFile; fileRef = 0A994D481B2F5C430062D41D /* OpenPicsUITests.swift */; };
		0A994D571B2F5DAC0062D41D /* ThumbnailCollectionViewController.swift in Sources */ = {isa = PBXBuildFile; fileRef = 0A994D561B2F5DAC0062D41D /* ThumbnailCollectionViewController.swift */; };
		0A9A4E571B30F5A5000E6C5C /* ImageCollectionViewCell.swift in Sources */ = {isa = PBXBuildFile; fileRef = 0A9A4E561B30F5A5000E6C5C /* ImageCollectionViewCell.swift */; };
		0A9A4E591B30F810000E6C5C /* FullScreenCollectionViewController.swift in Sources */ = {isa = PBXBuildFile; fileRef = 0A9A4E581B30F810000E6C5C /* FullScreenCollectionViewController.swift */; };
		0A9A4E5B1B30FC75000E6C5C /* ImageDataSource.swift in Sources */ = {isa = PBXBuildFile; fileRef = 0A9A4E5A1B30FC75000E6C5C /* ImageDataSource.swift */; };
/* End PBXBuildFile section */

/* Begin PBXContainerItemProxy section */
		0A994D3A1B2F5C430062D41D /* PBXContainerItemProxy */ = {
			isa = PBXContainerItemProxy;
			containerPortal = 0A994D1D1B2F5C420062D41D /* Project object */;
			proxyType = 1;
			remoteGlobalIDString = 0A994D241B2F5C420062D41D;
			remoteInfo = OpenPics;
		};
		0A994D451B2F5C430062D41D /* PBXContainerItemProxy */ = {
			isa = PBXContainerItemProxy;
			containerPortal = 0A994D1D1B2F5C420062D41D /* Project object */;
			proxyType = 1;
			remoteGlobalIDString = 0A994D241B2F5C420062D41D;
			remoteInfo = OpenPics;
		};
/* End PBXContainerItemProxy section */

/* Begin PBXFileReference section */
		0A994D251B2F5C420062D41D /* OpenPics.app */ = {isa = PBXFileReference; explicitFileType = wrapper.application; includeInIndex = 0; path = OpenPics.app; sourceTree = BUILT_PRODUCTS_DIR; };
		0A994D281B2F5C420062D41D /* AppDelegate.swift */ = {isa = PBXFileReference; lastKnownFileType = sourcecode.swift; path = AppDelegate.swift; sourceTree = "<group>"; };
		0A994D2D1B2F5C420062D41D /* Base */ = {isa = PBXFileReference; lastKnownFileType = file.storyboard; name = Base; path = Base.lproj/Main.storyboard; sourceTree = "<group>"; };
		0A994D2F1B2F5C420062D41D /* Assets.xcassets */ = {isa = PBXFileReference; lastKnownFileType = folder.assetcatalog; path = Assets.xcassets; sourceTree = "<group>"; };
		0A994D321B2F5C420062D41D /* Base */ = {isa = PBXFileReference; lastKnownFileType = file.storyboard; name = Base; path = Base.lproj/LaunchScreen.storyboard; sourceTree = "<group>"; };
		0A994D341B2F5C420062D41D /* Info.plist */ = {isa = PBXFileReference; lastKnownFileType = text.plist.xml; path = Info.plist; sourceTree = "<group>"; };
		0A994D391B2F5C430062D41D /* OpenPicsTests.xctest */ = {isa = PBXFileReference; explicitFileType = wrapper.cfbundle; includeInIndex = 0; path = OpenPicsTests.xctest; sourceTree = BUILT_PRODUCTS_DIR; };
		0A994D3D1B2F5C430062D41D /* OpenPicsTests.swift */ = {isa = PBXFileReference; lastKnownFileType = sourcecode.swift; path = OpenPicsTests.swift; sourceTree = "<group>"; };
		0A994D3F1B2F5C430062D41D /* Info.plist */ = {isa = PBXFileReference; lastKnownFileType = text.plist.xml; path = Info.plist; sourceTree = "<group>"; };
		0A994D441B2F5C430062D41D /* OpenPicsUITests.xctest */ = {isa = PBXFileReference; explicitFileType = wrapper.cfbundle; includeInIndex = 0; path = OpenPicsUITests.xctest; sourceTree = BUILT_PRODUCTS_DIR; };
		0A994D481B2F5C430062D41D /* OpenPicsUITests.swift */ = {isa = PBXFileReference; lastKnownFileType = sourcecode.swift; path = OpenPicsUITests.swift; sourceTree = "<group>"; };
		0A994D4A1B2F5C430062D41D /* Info.plist */ = {isa = PBXFileReference; lastKnownFileType = text.plist.xml; path = Info.plist; sourceTree = "<group>"; };
		0A994D561B2F5DAC0062D41D /* ThumbnailCollectionViewController.swift */ = {isa = PBXFileReference; fileEncoding = 4; lastKnownFileType = sourcecode.swift; path = ThumbnailCollectionViewController.swift; sourceTree = "<group>"; };
		0A9A4E561B30F5A5000E6C5C /* ImageCollectionViewCell.swift */ = {isa = PBXFileReference; fileEncoding = 4; lastKnownFileType = sourcecode.swift; path = ImageCollectionViewCell.swift; sourceTree = "<group>"; };
		0A9A4E581B30F810000E6C5C /* FullScreenCollectionViewController.swift */ = {isa = PBXFileReference; fileEncoding = 4; lastKnownFileType = sourcecode.swift; path = FullScreenCollectionViewController.swift; sourceTree = "<group>"; };
		0A9A4E5A1B30FC75000E6C5C /* ImageDataSource.swift */ = {isa = PBXFileReference; fileEncoding = 4; lastKnownFileType = sourcecode.swift; path = ImageDataSource.swift; sourceTree = "<group>"; };
/* End PBXFileReference section */

/* Begin PBXFrameworksBuildPhase section */
		0A994D221B2F5C420062D41D /* Frameworks */ = {
			isa = PBXFrameworksBuildPhase;
			buildActionMask = 2147483647;
			files = (
			);
			runOnlyForDeploymentPostprocessing = 0;
		};
		0A994D361B2F5C430062D41D /* Frameworks */ = {
			isa = PBXFrameworksBuildPhase;
			buildActionMask = 2147483647;
			files = (
			);
			runOnlyForDeploymentPostprocessing = 0;
		};
		0A994D411B2F5C430062D41D /* Frameworks */ = {
			isa = PBXFrameworksBuildPhase;
			buildActionMask = 2147483647;
			files = (
			);
			runOnlyForDeploymentPostprocessing = 0;
		};
/* End PBXFrameworksBuildPhase section */

/* Begin PBXGroup section */
		0A994D1C1B2F5C420062D41D = {
			isa = PBXGroup;
			children = (
				0A994D271B2F5C420062D41D /* OpenPics */,
				0A994D3C1B2F5C430062D41D /* OpenPicsTests */,
				0A994D471B2F5C430062D41D /* OpenPicsUITests */,
				0A994D261B2F5C420062D41D /* Products */,
			);
			sourceTree = "<group>";
		};
		0A994D261B2F5C420062D41D /* Products */ = {
			isa = PBXGroup;
			children = (
				0A994D251B2F5C420062D41D /* OpenPics.app */,
				0A994D391B2F5C430062D41D /* OpenPicsTests.xctest */,
				0A994D441B2F5C430062D41D /* OpenPicsUITests.xctest */,
			);
			name = Products;
			sourceTree = "<group>";
		};
		0A994D271B2F5C420062D41D /* OpenPics */ = {
			isa = PBXGroup;
			children = (
				0A994D281B2F5C420062D41D /* AppDelegate.swift */,
				0A994D561B2F5DAC0062D41D /* ThumbnailCollectionViewController.swift */,
				0A9A4E581B30F810000E6C5C /* FullScreenCollectionViewController.swift */,
				0A9A4E561B30F5A5000E6C5C /* ImageCollectionViewCell.swift */,
				0A9A4E5A1B30FC75000E6C5C /* ImageDataSource.swift */,
				0A994D2C1B2F5C420062D41D /* Main.storyboard */,
				0A994D2F1B2F5C420062D41D /* Assets.xcassets */,
				0A994D311B2F5C420062D41D /* LaunchScreen.storyboard */,
				0A994D341B2F5C420062D41D /* Info.plist */,
			);
			path = OpenPics;
			sourceTree = "<group>";
		};
		0A994D3C1B2F5C430062D41D /* OpenPicsTests */ = {
			isa = PBXGroup;
			children = (
				0A994D3D1B2F5C430062D41D /* OpenPicsTests.swift */,
				0A994D3F1B2F5C430062D41D /* Info.plist */,
			);
			path = OpenPicsTests;
			sourceTree = "<group>";
		};
		0A994D471B2F5C430062D41D /* OpenPicsUITests */ = {
			isa = PBXGroup;
			children = (
				0A994D481B2F5C430062D41D /* OpenPicsUITests.swift */,
				0A994D4A1B2F5C430062D41D /* Info.plist */,
			);
			path = OpenPicsUITests;
			sourceTree = "<group>";
		};
/* End PBXGroup section */

/* Begin PBXNativeTarget section */
		0A994D241B2F5C420062D41D /* OpenPics */ = {
			isa = PBXNativeTarget;
			buildConfigurationList = 0A994D4D1B2F5C430062D41D /* Build configuration list for PBXNativeTarget "OpenPics" */;
			buildPhases = (
				0A994D211B2F5C420062D41D /* Sources */,
				0A994D221B2F5C420062D41D /* Frameworks */,
				0A994D231B2F5C420062D41D /* Resources */,
			);
			buildRules = (
			);
			dependencies = (
			);
			name = OpenPics;
			productName = OpenPics;
			productReference = 0A994D251B2F5C420062D41D /* OpenPics.app */;
			productType = "com.apple.product-type.application";
		};
		0A994D381B2F5C430062D41D /* OpenPicsTests */ = {
			isa = PBXNativeTarget;
			buildConfigurationList = 0A994D501B2F5C430062D41D /* Build configuration list for PBXNativeTarget "OpenPicsTests" */;
			buildPhases = (
				0A994D351B2F5C430062D41D /* Sources */,
				0A994D361B2F5C430062D41D /* Frameworks */,
				0A994D371B2F5C430062D41D /* Resources */,
			);
			buildRules = (
			);
			dependencies = (
				0A994D3B1B2F5C430062D41D /* PBXTargetDependency */,
			);
			name = OpenPicsTests;
			productName = OpenPicsTests;
			productReference = 0A994D391B2F5C430062D41D /* OpenPicsTests.xctest */;
			productType = "com.apple.product-type.bundle.unit-test";
		};
		0A994D431B2F5C430062D41D /* OpenPicsUITests */ = {
			isa = PBXNativeTarget;
			buildConfigurationList = 0A994D531B2F5C430062D41D /* Build configuration list for PBXNativeTarget "OpenPicsUITests" */;
			buildPhases = (
				0A994D401B2F5C430062D41D /* Sources */,
				0A994D411B2F5C430062D41D /* Frameworks */,
				0A994D421B2F5C430062D41D /* Resources */,
			);
			buildRules = (
			);
			dependencies = (
				0A994D461B2F5C430062D41D /* PBXTargetDependency */,
			);
			name = OpenPicsUITests;
			productName = OpenPicsUITests;
			productReference = 0A994D441B2F5C430062D41D /* OpenPicsUITests.xctest */;
			productType = "com.apple.product-type.bundle.ui-testing";
		};
/* End PBXNativeTarget section */

/* Begin PBXProject section */
		0A994D1D1B2F5C420062D41D /* Project object */ = {
			isa = PBXProject;
			attributes = {
				LastUpgradeCheck = 0700;
				ORGANIZATIONNAME = "Say Goodnight Software";
				TargetAttributes = {
					0A994D241B2F5C420062D41D = {
						CreatedOnToolsVersion = 7.0;
					};
					0A994D381B2F5C430062D41D = {
						CreatedOnToolsVersion = 7.0;
						TestTargetID = 0A994D241B2F5C420062D41D;
					};
					0A994D431B2F5C430062D41D = {
						CreatedOnToolsVersion = 7.0;
						TestTargetID = 0A994D241B2F5C420062D41D;
					};
				};
			};
			buildConfigurationList = 0A994D201B2F5C420062D41D /* Build configuration list for PBXProject "OpenPics" */;
			compatibilityVersion = "Xcode 3.2";
			developmentRegion = English;
			hasScannedForEncodings = 0;
			knownRegions = (
				en,
				Base,
			);
			mainGroup = 0A994D1C1B2F5C420062D41D;
			productRefGroup = 0A994D261B2F5C420062D41D /* Products */;
			projectDirPath = "";
			projectRoot = "";
			targets = (
				0A994D241B2F5C420062D41D /* OpenPics */,
				0A994D381B2F5C430062D41D /* OpenPicsTests */,
				0A994D431B2F5C430062D41D /* OpenPicsUITests */,
			);
		};
/* End PBXProject section */

/* Begin PBXResourcesBuildPhase section */
		0A994D231B2F5C420062D41D /* Resources */ = {
			isa = PBXResourcesBuildPhase;
			buildActionMask = 2147483647;
			files = (
				0A994D331B2F5C420062D41D /* LaunchScreen.storyboard in Resources */,
				0A994D301B2F5C420062D41D /* Assets.xcassets in Resources */,
				0A994D2E1B2F5C420062D41D /* Main.storyboard in Resources */,
			);
			runOnlyForDeploymentPostprocessing = 0;
		};
		0A994D371B2F5C430062D41D /* Resources */ = {
			isa = PBXResourcesBuildPhase;
			buildActionMask = 2147483647;
			files = (
			);
			runOnlyForDeploymentPostprocessing = 0;
		};
		0A994D421B2F5C430062D41D /* Resources */ = {
			isa = PBXResourcesBuildPhase;
			buildActionMask = 2147483647;
			files = (
			);
			runOnlyForDeploymentPostprocessing = 0;
		};
/* End PBXResourcesBuildPhase section */

/* Begin PBXSourcesBuildPhase section */
		0A994D211B2F5C420062D41D /* Sources */ = {
			isa = PBXSourcesBuildPhase;
			buildActionMask = 2147483647;
			files = (
				0A9A4E571B30F5A5000E6C5C /* ImageCollectionViewCell.swift in Sources */,
				0A9A4E591B30F810000E6C5C /* FullScreenCollectionViewController.swift in Sources */,
				0A994D291B2F5C420062D41D /* AppDelegate.swift in Sources */,
				0A994D571B2F5DAC0062D41D /* ThumbnailCollectionViewController.swift in Sources */,
				0A9A4E5B1B30FC75000E6C5C /* ImageDataSource.swift in Sources */,
			);
			runOnlyForDeploymentPostprocessing = 0;
		};
		0A994D351B2F5C430062D41D /* Sources */ = {
			isa = PBXSourcesBuildPhase;
			buildActionMask = 2147483647;
			files = (
				0A994D3E1B2F5C430062D41D /* OpenPicsTests.swift in Sources */,
			);
			runOnlyForDeploymentPostprocessing = 0;
		};
		0A994D401B2F5C430062D41D /* Sources */ = {
			isa = PBXSourcesBuildPhase;
			buildActionMask = 2147483647;
			files = (
				0A994D491B2F5C430062D41D /* OpenPicsUITests.swift in Sources */,
			);
			runOnlyForDeploymentPostprocessing = 0;
		};
/* End PBXSourcesBuildPhase section */

/* Begin PBXTargetDependency section */
		0A994D3B1B2F5C430062D41D /* PBXTargetDependency */ = {
			isa = PBXTargetDependency;
			target = 0A994D241B2F5C420062D41D /* OpenPics */;
			targetProxy = 0A994D3A1B2F5C430062D41D /* PBXContainerItemProxy */;
		};
		0A994D461B2F5C430062D41D /* PBXTargetDependency */ = {
			isa = PBXTargetDependency;
			target = 0A994D241B2F5C420062D41D /* OpenPics */;
			targetProxy = 0A994D451B2F5C430062D41D /* PBXContainerItemProxy */;
		};
/* End PBXTargetDependency section */

/* Begin PBXVariantGroup section */
		0A994D2C1B2F5C420062D41D /* Main.storyboard */ = {
			isa = PBXVariantGroup;
			children = (
				0A994D2D1B2F5C420062D41D /* Base */,
			);
			name = Main.storyboard;
			sourceTree = "<group>";
		};
		0A994D311B2F5C420062D41D /* LaunchScreen.storyboard */ = {
			isa = PBXVariantGroup;
			children = (
				0A994D321B2F5C420062D41D /* Base */,
			);
			name = LaunchScreen.storyboard;
			sourceTree = "<group>";
		};
/* End PBXVariantGroup section */

/* Begin XCBuildConfiguration section */
		0A994D4B1B2F5C430062D41D /* Debug */ = {
			isa = XCBuildConfiguration;
			buildSettings = {
				ALWAYS_SEARCH_USER_PATHS = NO;
				CLANG_CXX_LANGUAGE_STANDARD = "gnu++0x";
				CLANG_CXX_LIBRARY = "libc++";
				CLANG_ENABLE_MODULES = YES;
				CLANG_ENABLE_OBJC_ARC = YES;
				CLANG_WARN_BOOL_CONVERSION = YES;
				CLANG_WARN_CONSTANT_CONVERSION = YES;
				CLANG_WARN_DIRECT_OBJC_ISA_USAGE = YES_ERROR;
				CLANG_WARN_EMPTY_BODY = YES;
				CLANG_WARN_ENUM_CONVERSION = YES;
				CLANG_WARN_INT_CONVERSION = YES;
				CLANG_WARN_OBJC_ROOT_CLASS = YES_ERROR;
				CLANG_WARN_UNREACHABLE_CODE = YES;
				CLANG_WARN__DUPLICATE_METHOD_MATCH = YES;
				"CODE_SIGN_IDENTITY[sdk=iphoneos*]" = "iPhone Developer";
				COPY_PHASE_STRIP = NO;
				DEBUG_INFORMATION_FORMAT = dwarf;
				ENABLE_STRICT_OBJC_MSGSEND = YES;
				ENABLE_TESTABILITY = YES;
				GCC_C_LANGUAGE_STANDARD = gnu99;
				GCC_DYNAMIC_NO_PIC = NO;
				GCC_NO_COMMON_BLOCKS = YES;
				GCC_OPTIMIZATION_LEVEL = 0;
				GCC_PREPROCESSOR_DEFINITIONS = (
					"DEBUG=1",
					"$(inherited)",
				);
				GCC_WARN_64_TO_32_BIT_CONVERSION = YES;
				GCC_WARN_ABOUT_RETURN_TYPE = YES_ERROR;
				GCC_WARN_UNDECLARED_SELECTOR = YES;
				GCC_WARN_UNINITIALIZED_AUTOS = YES_AGGRESSIVE;
				GCC_WARN_UNUSED_FUNCTION = YES;
				GCC_WARN_UNUSED_VARIABLE = YES;
				IPHONEOS_DEPLOYMENT_TARGET = 9.0;
				MTL_ENABLE_DEBUG_INFO = YES;
				ONLY_ACTIVE_ARCH = YES;
				SDKROOT = iphoneos;
				SWIFT_OPTIMIZATION_LEVEL = "-Onone";
				TARGETED_DEVICE_FAMILY = "1,2";
			};
			name = Debug;
		};
		0A994D4C1B2F5C430062D41D /* Release */ = {
			isa = XCBuildConfiguration;
			buildSettings = {
				ALWAYS_SEARCH_USER_PATHS = NO;
				CLANG_CXX_LANGUAGE_STANDARD = "gnu++0x";
				CLANG_CXX_LIBRARY = "libc++";
				CLANG_ENABLE_MODULES = YES;
				CLANG_ENABLE_OBJC_ARC = YES;
				CLANG_WARN_BOOL_CONVERSION = YES;
				CLANG_WARN_CONSTANT_CONVERSION = YES;
				CLANG_WARN_DIRECT_OBJC_ISA_USAGE = YES_ERROR;
				CLANG_WARN_EMPTY_BODY = YES;
				CLANG_WARN_ENUM_CONVERSION = YES;
				CLANG_WARN_INT_CONVERSION = YES;
				CLANG_WARN_OBJC_ROOT_CLASS = YES_ERROR;
				CLANG_WARN_UNREACHABLE_CODE = YES;
				CLANG_WARN__DUPLICATE_METHOD_MATCH = YES;
				"CODE_SIGN_IDENTITY[sdk=iphoneos*]" = "iPhone Developer";
				COPY_PHASE_STRIP = NO;
				DEBUG_INFORMATION_FORMAT = "dwarf-with-dsym";
				ENABLE_NS_ASSERTIONS = NO;
				ENABLE_STRICT_OBJC_MSGSEND = YES;
				GCC_C_LANGUAGE_STANDARD = gnu99;
				GCC_NO_COMMON_BLOCKS = YES;
				GCC_WARN_64_TO_32_BIT_CONVERSION = YES;
				GCC_WARN_ABOUT_RETURN_TYPE = YES_ERROR;
				GCC_WARN_UNDECLARED_SELECTOR = YES;
				GCC_WARN_UNINITIALIZED_AUTOS = YES_AGGRESSIVE;
				GCC_WARN_UNUSED_FUNCTION = YES;
				GCC_WARN_UNUSED_VARIABLE = YES;
				IPHONEOS_DEPLOYMENT_TARGET = 9.0;
				MTL_ENABLE_DEBUG_INFO = NO;
				SDKROOT = iphoneos;
				TARGETED_DEVICE_FAMILY = "1,2";
				VALIDATE_PRODUCT = YES;
			};
			name = Release;
		};
		0A994D4E1B2F5C430062D41D /* Debug */ = {
			isa = XCBuildConfiguration;
			buildSettings = {
				ASSETCATALOG_COMPILER_APPICON_NAME = AppIcon;
				INFOPLIST_FILE = OpenPics/Info.plist;
				LD_RUNPATH_SEARCH_PATHS = "$(inherited) @executable_path/Frameworks";
				PRODUCT_BUNDLE_IDENTIFIER = com.saygoodnight.OpenPics;
				PRODUCT_NAME = "$(TARGET_NAME)";
			};
			name = Debug;
		};
		0A994D4F1B2F5C430062D41D /* Release */ = {
			isa = XCBuildConfiguration;
			buildSettings = {
				ASSETCATALOG_COMPILER_APPICON_NAME = AppIcon;
				INFOPLIST_FILE = OpenPics/Info.plist;
				LD_RUNPATH_SEARCH_PATHS = "$(inherited) @executable_path/Frameworks";
				PRODUCT_BUNDLE_IDENTIFIER = com.saygoodnight.OpenPics;
				PRODUCT_NAME = "$(TARGET_NAME)";
			};
			name = Release;
		};
		0A994D511B2F5C430062D41D /* Debug */ = {
			isa = XCBuildConfiguration;
			buildSettings = {
				BUNDLE_LOADER = "$(TEST_HOST)";
				INFOPLIST_FILE = OpenPicsTests/Info.plist;
				LD_RUNPATH_SEARCH_PATHS = "$(inherited) @executable_path/Frameworks @loader_path/Frameworks";
				PRODUCT_BUNDLE_IDENTIFIER = com.saygoodnight.OpenPicsTests;
				PRODUCT_NAME = "$(TARGET_NAME)";
				TEST_HOST = "$(BUILT_PRODUCTS_DIR)/OpenPics.app/OpenPics";
			};
			name = Debug;
		};
		0A994D521B2F5C430062D41D /* Release */ = {
			isa = XCBuildConfiguration;
			buildSettings = {
				BUNDLE_LOADER = "$(TEST_HOST)";
				INFOPLIST_FILE = OpenPicsTests/Info.plist;
				LD_RUNPATH_SEARCH_PATHS = "$(inherited) @executable_path/Frameworks @loader_path/Frameworks";
				PRODUCT_BUNDLE_IDENTIFIER = com.saygoodnight.OpenPicsTests;
				PRODUCT_NAME = "$(TARGET_NAME)";
				TEST_HOST = "$(BUILT_PRODUCTS_DIR)/OpenPics.app/OpenPics";
			};
			name = Release;
		};
		0A994D541B2F5C430062D41D /* Debug */ = {
			isa = XCBuildConfiguration;
			buildSettings = {
				INFOPLIST_FILE = OpenPicsUITests/Info.plist;
				LD_RUNPATH_SEARCH_PATHS = "$(inherited) @executable_path/Frameworks @loader_path/Frameworks";
				PRODUCT_BUNDLE_IDENTIFIER = com.saygoodnight.OpenPicsUITests;
				PRODUCT_NAME = "$(TARGET_NAME)";
				TEST_TARGET_NAME = OpenPics;
				USES_XCTRUNNER = YES;
			};
			name = Debug;
		};
		0A994D551B2F5C430062D41D /* Release */ = {
			isa = XCBuildConfiguration;
			buildSettings = {
				INFOPLIST_FILE = OpenPicsUITests/Info.plist;
				LD_RUNPATH_SEARCH_PATHS = "$(inherited) @executable_path/Frameworks @loader_path/Frameworks";
				PRODUCT_BUNDLE_IDENTIFIER = com.saygoodnight.OpenPicsUITests;
				PRODUCT_NAME = "$(TARGET_NAME)";
				TEST_TARGET_NAME = OpenPics;
				USES_XCTRUNNER = YES;
			};
			name = Release;
		};
/* End XCBuildConfiguration section */

/* Begin XCConfigurationList section */
		0A994D201B2F5C420062D41D /* Build configuration list for PBXProject "OpenPics" */ = {
			isa = XCConfigurationList;
			buildConfigurations = (
				0A994D4B1B2F5C430062D41D /* Debug */,
				0A994D4C1B2F5C430062D41D /* Release */,
			);
			defaultConfigurationIsVisible = 0;
			defaultConfigurationName = Release;
		};
		0A994D4D1B2F5C430062D41D /* Build configuration list for PBXNativeTarget "OpenPics" */ = {
			isa = XCConfigurationList;
			buildConfigurations = (
				0A994D4E1B2F5C430062D41D /* Debug */,
				0A994D4F1B2F5C430062D41D /* Release */,
			);
			defaultConfigurationIsVisible = 0;
			defaultConfigurationName = Release;
		};
		0A994D501B2F5C430062D41D /* Build configuration list for PBXNativeTarget "OpenPicsTests" */ = {
			isa = XCConfigurationList;
			buildConfigurations = (
				0A994D511B2F5C430062D41D /* Debug */,
				0A994D521B2F5C430062D41D /* Release */,
			);
			defaultConfigurationIsVisible = 0;
			defaultConfigurationName = Release;
		};
		0A994D531B2F5C430062D41D /* Build configuration list for PBXNativeTarget "OpenPicsUITests" */ = {
			isa = XCConfigurationList;
			buildConfigurations = (
				0A994D541B2F5C430062D41D /* Debug */,
				0A994D551B2F5C430062D41D /* Release */,
			);
			defaultConfigurationIsVisible = 0;
			defaultConfigurationName = Release;
		};
/* End XCConfigurationList section */
	};
	rootObject = 0A994D1D1B2F5C420062D41D /* Project object */;
}
